
Microsoft Visual Studio Solution File, Format Version 12.00
# Visual Studio Version 17
VisualStudioVersion = 17.7.34003.232
MinimumVisualStudioVersion = 10.0.40219.1
Project("{2150E333-8FDC-42A3-9474-1A3956D46DE8}") = "Business", "Business", "{FAF8F495-3A27-42DA-A0D6-C5550832DE05}"
EndProject
Project("{2150E333-8FDC-42A3-9474-1A3956D46DE8}") = "General", "General", "{B70B8BEF-AF0D-4039-A777-CE95A4E19B51}"
EndProject
Project("{2150E333-8FDC-42A3-9474-1A3956D46DE8}") = "Data", "Data", "{D9CB5E16-D02C-4B8B-9AD3-ECCD32BC266E}"
EndProject
Project("{2150E333-8FDC-42A3-9474-1A3956D46DE8}") = "Solution Items", "Solution Items", "{7DBBA1C5-DA11-4E83-8148-BA755B275CAB}"
	ProjectSection(SolutionItems) = preProject
		.editorconfig = .editorconfig
	EndProjectSection
EndProject
Project("{2150E333-8FDC-42A3-9474-1A3956D46DE8}") = "WebApi", "WebApi", "{4A7162BF-E85F-4B25-98A6-CBC978402A9A}"
EndProject
Project("{2150E333-8FDC-42A3-9474-1A3956D46DE8}") = "src", "src", "{D6721C8A-1729-4D85-92B5-84FE22CE9A91}"
EndProject
Project("{2150E333-8FDC-42A3-9474-1A3956D46DE8}") = "Core", "Core", "{E7E0DEF7-BDC3-499F-8AFD-68F149E9BFCE}"
EndProject
Project("{2150E333-8FDC-42A3-9474-1A3956D46DE8}") = "API", "API", "{D6F2D42A-CBA5-4D4A-A623-D0F96D6E46DC}"
EndProject
Project("{2150E333-8FDC-42A3-9474-1A3956D46DE8}") = "Infrastructure", "Infrastructure", "{0A44A248-9A12-4FC8-B058-4D8DA37FBE86}"
EndProject
Project("{9A19103F-16F7-4668-BE54-9A1E7A4F7556}") = "Jupiter.Business.Models", "Jupiter.Business.Models\Jupiter.Business.Models.csproj", "{C007BBDC-6FE0-429D-8B83-6D37F0A4A5D3}"
EndProject
Project("{9A19103F-16F7-4668-BE54-9A1E7A4F7556}") = "Jupiter.Business.Core", "Jupiter.Business.Core\Jupiter.Business.Core.csproj", "{666EA1C2-B615-42AC-B21B-A37701BDE2CE}"
EndProject
Project("{9A19103F-16F7-4668-BE54-9A1E7A4F7556}") = "Jupiter.Data.DataAccess", "Jupiter.Data.DataAccess\Jupiter.Data.DataAccess.csproj", "{8475C29E-FD77-4D98-A18A-09882300A6FB}"
EndProject
Project("{9A19103F-16F7-4668-BE54-9A1E7A4F7556}") = "Jupiter.Resource", "Jupiter.Resource\Jupiter.Resource.csproj", "{954F1B9B-6482-40E8-B830-0FD84EEC48FA}"
EndProject
Project("{9A19103F-16F7-4668-BE54-9A1E7A4F7556}") = "Jupiter.Utility", "Jupiter.Utility\Jupiter.Utility.csproj", "{E0E46E03-3523-497E-90FF-ABF7AACBE378}"
EndProject
Project("{9A19103F-16F7-4668-BE54-9A1E7A4F7556}") = "Jupiter.WebApi", "Jupiter.WebApi\src\API\Jupiter.WebApi.csproj", "{E44D076A-88D6-4AB5-B851-620F95A26679}"
	ProjectSection(ProjectDependencies) = postProject
		{8C423792-7B2E-4FDC-A27F-0E8B12E361F3} = {8C423792-7B2E-4FDC-A27F-0E8B12E361F3}
	EndProjectSection
EndProject
Project("{9A19103F-16F7-4668-BE54-9A1E7A4F7556}") = "JupiterWeb.Application", "Jupiter.WebApi\src\Core\JupiterWeb.Application\JupiterWeb.Application.csproj", "{EE729035-650D-4C6C-95E0-A9C37DC94792}"
EndProject
Project("{9A19103F-16F7-4668-BE54-9A1E7A4F7556}") = "JupiterWeb.Domain", "Jupiter.WebApi\src\Core\JupiterWeb.Domain\JupiterWeb.Domain.csproj", "{42A2515A-A0D3-4DC6-8057-C3B023937BFE}"
EndProject
Project("{9A19103F-16F7-4668-BE54-9A1E7A4F7556}") = "JupiterWeb.Persistence", "Jupiter.WebApi\src\Infrastructure\JupiterWeb.Persistence.csproj", "{8C423792-7B2E-4FDC-A27F-0E8B12E361F3}"
EndProject
Global
	GlobalSection(SolutionConfigurationPlatforms) = preSolution
		Debug|Any CPU = Debug|Any CPU
		Release|Any CPU = Release|Any CPU
	EndGlobalSection
	GlobalSection(ProjectConfigurationPlatforms) = postSolution
		{C007BBDC-6FE0-429D-8B83-6D37F0A4A5D3}.Debug|Any CPU.ActiveCfg = Debug|Any CPU
		{C007BBDC-6FE0-429D-8B83-6D37F0A4A5D3}.Debug|Any CPU.Build.0 = Debug|Any CPU
		{C007BBDC-6FE0-429D-8B83-6D37F0A4A5D3}.Release|Any CPU.ActiveCfg = Release|Any CPU
		{C007BBDC-6FE0-429D-8B83-6D37F0A4A5D3}.Release|Any CPU.Build.0 = Release|Any CPU
		{666EA1C2-B615-42AC-B21B-A37701BDE2CE}.Debug|Any CPU.ActiveCfg = Debug|Any CPU
		{666EA1C2-B615-42AC-B21B-A37701BDE2CE}.Debug|Any CPU.Build.0 = Debug|Any CPU
		{666EA1C2-B615-42AC-B21B-A37701BDE2CE}.Release|Any CPU.ActiveCfg = Release|Any CPU
		{666EA1C2-B615-42AC-B21B-A37701BDE2CE}.Release|Any CPU.Build.0 = Release|Any CPU
		{8475C29E-FD77-4D98-A18A-09882300A6FB}.Debug|Any CPU.ActiveCfg = Debug|Any CPU
		{8475C29E-FD77-4D98-A18A-09882300A6FB}.Debug|Any CPU.Build.0 = Debug|Any CPU
		{8475C29E-FD77-4D98-A18A-09882300A6FB}.Release|Any CPU.ActiveCfg = Release|Any CPU
		{8475C29E-FD77-4D98-A18A-09882300A6FB}.Release|Any CPU.Build.0 = Release|Any CPU
		{954F1B9B-6482-40E8-B830-0FD84EEC48FA}.Debug|Any CPU.ActiveCfg = Debug|Any CPU
		{954F1B9B-6482-40E8-B830-0FD84EEC48FA}.Debug|Any CPU.Build.0 = Debug|Any CPU
		{954F1B9B-6482-40E8-B830-0FD84EEC48FA}.Release|Any CPU.ActiveCfg = Release|Any CPU
		{954F1B9B-6482-40E8-B830-0FD84EEC48FA}.Release|Any CPU.Build.0 = Release|Any CPU
		{E0E46E03-3523-497E-90FF-ABF7AACBE378}.Debug|Any CPU.ActiveCfg = Debug|Any CPU
		{E0E46E03-3523-497E-90FF-ABF7AACBE378}.Debug|Any CPU.Build.0 = Debug|Any CPU
		{E0E46E03-3523-497E-90FF-ABF7AACBE378}.Release|Any CPU.ActiveCfg = Release|Any CPU
		{E0E46E03-3523-497E-90FF-ABF7AACBE378}.Release|Any CPU.Build.0 = Release|Any CPU
		{E44D076A-88D6-4AB5-B851-620F95A26679}.Debug|Any CPU.ActiveCfg = Debug|Any CPU
		{E44D076A-88D6-4AB5-B851-620F95A26679}.Debug|Any CPU.Build.0 = Debug|Any CPU
		{E44D076A-88D6-4AB5-B851-620F95A26679}.Release|Any CPU.ActiveCfg = Release|Any CPU
		{E44D076A-88D6-4AB5-B851-620F95A26679}.Release|Any CPU.Build.0 = Release|Any CPU
		{EE729035-650D-4C6C-95E0-A9C37DC94792}.Debug|Any CPU.ActiveCfg = Debug|Any CPU
		{EE729035-650D-4C6C-95E0-A9C37DC94792}.Debug|Any CPU.Build.0 = Debug|Any CPU
		{EE729035-650D-4C6C-95E0-A9C37DC94792}.Release|Any CPU.ActiveCfg = Release|Any CPU
		{EE729035-650D-4C6C-95E0-A9C37DC94792}.Release|Any CPU.Build.0 = Release|Any CPU
		{42A2515A-A0D3-4DC6-8057-C3B023937BFE}.Debug|Any CPU.ActiveCfg = Debug|Any CPU
		{42A2515A-A0D3-4DC6-8057-C3B023937BFE}.Debug|Any CPU.Build.0 = Debug|Any CPU
		{42A2515A-A0D3-4DC6-8057-C3B023937BFE}.Release|Any CPU.ActiveCfg = Release|Any CPU
		{42A2515A-A0D3-4DC6-8057-C3B023937BFE}.Release|Any CPU.Build.0 = Release|Any CPU
		{8C423792-7B2E-4FDC-A27F-0E8B12E361F3}.Debug|Any CPU.ActiveCfg = Debug|Any CPU
		{8C423792-7B2E-4FDC-A27F-0E8B12E361F3}.Debug|Any CPU.Build.0 = Debug|Any CPU
		{8C423792-7B2E-4FDC-A27F-0E8B12E361F3}.Release|Any CPU.ActiveCfg = Release|Any CPU
		{8C423792-7B2E-4FDC-A27F-0E8B12E361F3}.Release|Any CPU.Build.0 = Release|Any CPU
	EndGlobalSection
	GlobalSection(SolutionProperties) = preSolution
		HideSolutionNode = FALSE
	EndGlobalSection
	GlobalSection(NestedProjects) = preSolution
		{D6721C8A-1729-4D85-92B5-84FE22CE9A91} = {4A7162BF-E85F-4B25-98A6-CBC978402A9A}
		{E7E0DEF7-BDC3-499F-8AFD-68F149E9BFCE} = {D6721C8A-1729-4D85-92B5-84FE22CE9A91}
		{D6F2D42A-CBA5-4D4A-A623-D0F96D6E46DC} = {D6721C8A-1729-4D85-92B5-84FE22CE9A91}
		{0A44A248-9A12-4FC8-B058-4D8DA37FBE86} = {D6721C8A-1729-4D85-92B5-84FE22CE9A91}
		{C007BBDC-6FE0-429D-8B83-6D37F0A4A5D3} = {FAF8F495-3A27-42DA-A0D6-C5550832DE05}
		{666EA1C2-B615-42AC-B21B-A37701BDE2CE} = {FAF8F495-3A27-42DA-A0D6-C5550832DE05}
		{8475C29E-FD77-4D98-A18A-09882300A6FB} = {D9CB5E16-D02C-4B8B-9AD3-ECCD32BC266E}
		{954F1B9B-6482-40E8-B830-0FD84EEC48FA} = {B70B8BEF-AF0D-4039-A777-CE95A4E19B51}
		{E0E46E03-3523-497E-90FF-ABF7AACBE378} = {B70B8BEF-AF0D-4039-A777-CE95A4E19B51}
		{E44D076A-88D6-4AB5-B851-620F95A26679} = {D6F2D42A-CBA5-4D4A-A623-D0F96D6E46DC}
		{EE729035-650D-4C6C-95E0-A9C37DC94792} = {E7E0DEF7-BDC3-499F-8AFD-68F149E9BFCE}
		{42A2515A-A0D3-4DC6-8057-C3B023937BFE} = {E7E0DEF7-BDC3-499F-8AFD-68F149E9BFCE}
		{8C423792-7B2E-4FDC-A27F-0E8B12E361F3} = {0A44A248-9A12-4FC8-B058-4D8DA37FBE86}
	EndGlobalSection
	GlobalSection(ExtensibilityGlobals) = postSolution
		SolutionGuid = {F03E1E2B-642E-4CC2-B7B5-D7B9F67D6884}
	EndGlobalSection
EndGlobal
